
Microsoft Visual Studio Solution File, Format Version 12.00
# Visual Studio Version 17
VisualStudioVersion = 17.13.35825.156 d17.13
MinimumVisualStudioVersion = 10.0.40219.1
Project("{FAE04EC0-301F-11D3-BF4B-00C04F79EFBC}") = "Calculadora", "Calculadora.csproj", "{ED8E1099-9E15-4E66-916D-94A6AE80001D}"
EndProject
Global
	GlobalSection(SolutionConfigurationPlatforms) = preSolution
		Debug|Any CPU = Debug|Any CPU
		Release|Any CPU = Release|Any CPU
	EndGlobalSection
	GlobalSection(ProjectConfigurationPlatforms) = postSolution
		{ED8E1099-9E15-4E66-916D-94A6AE80001D}.Debug|Any CPU.ActiveCfg = Debug|Any CPU
		{ED8E1099-9E15-4E66-916D-94A6AE80001D}.Debug|Any CPU.Build.0 = Debug|Any CPU
		{ED8E1099-9E15-4E66-916D-94A6AE80001D}.Release|Any CPU.ActiveCfg = Release|Any CPU
		{ED8E1099-9E15-4E66-916D-94A6AE80001D}.Release|Any CPU.Build.0 = Release|Any CPU
	EndGlobalSection
	GlobalSection(SolutionProperties) = preSolution
		HideSolutionNode = FALSE
	EndGlobalSection
	GlobalSection(ExtensibilityGlobals) = postSolution
		SolutionGuid = {0644FD9C-DBB3-4AFD-9255-4D5A7C037ACB}
	EndGlobalSection
EndGlobal
